
Microsoft Visual Studio Solution File, Format Version 12.00
# Visual Studio Version 16
VisualStudioVersion = 16.0.31515.178
MinimumVisualStudioVersion = 10.0.40219.1
Project("{FAE04EC0-301F-11D3-BF4B-00C04F79EFBC}") = "AandCultureChallenge", "AandCultureChallenge.csproj", "{2F8772E4-3373-4D1A-A322-F8A210918946}"
EndProject
Global
	GlobalSection(SolutionConfigurationPlatforms) = preSolution
		Debug|Any CPU = Debug|Any CPU
		Release|Any CPU = Release|Any CPU
	EndGlobalSection
	GlobalSection(ProjectConfigurationPlatforms) = postSolution
		{2F8772E4-3373-4D1A-A322-F8A210918946}.Debug|Any CPU.ActiveCfg = Debug|Any CPU
		{2F8772E4-3373-4D1A-A322-F8A210918946}.Debug|Any CPU.Build.0 = Debug|Any CPU
		{2F8772E4-3373-4D1A-A322-F8A210918946}.Release|Any CPU.ActiveCfg = Release|Any CPU
		{2F8772E4-3373-4D1A-A322-F8A210918946}.Release|Any CPU.Build.0 = Release|Any CPU
	EndGlobalSection
	GlobalSection(SolutionProperties) = preSolution
		HideSolutionNode = FALSE
	EndGlobalSection
	GlobalSection(ExtensibilityGlobals) = postSolution
		SolutionGuid = {5B5CD7BE-4D3D-492B-B205-CC1115193559}
	EndGlobalSection
EndGlobal
